
Microsoft Visual Studio Solution File, Format Version 12.00
# Visual Studio 15
VisualStudioVersion = 15.0.28307.539
MinimumVisualStudioVersion = 10.0.40219.1
Project("{FAE04EC0-301F-11D3-BF4B-00C04F79EFBC}") = "Mvc", "Mvc\Mvc.csproj", "{301D8E88-F426-41DA-BC20-10432F3DFA36}"
EndProject
Project("{FAE04EC0-301F-11D3-BF4B-00C04F79EFBC}") = "Dominio", "Dominio\Dominio.csproj", "{BF1301D0-26E7-4777-846A-F0CC96056BDF}"
EndProject
Project("{FAE04EC0-301F-11D3-BF4B-00C04F79EFBC}") = "Dados", "Dados\Dados.csproj", "{8D84FECB-D619-429E-BE16-A25FAA064E56}"
EndProject
Global
	GlobalSection(SolutionConfigurationPlatforms) = preSolution
		Debug|Any CPU = Debug|Any CPU
		Release|Any CPU = Release|Any CPU
	EndGlobalSection
	GlobalSection(ProjectConfigurationPlatforms) = postSolution
		{301D8E88-F426-41DA-BC20-10432F3DFA36}.Debug|Any CPU.ActiveCfg = Debug|Any CPU
		{301D8E88-F426-41DA-BC20-10432F3DFA36}.Debug|Any CPU.Build.0 = Debug|Any CPU
		{301D8E88-F426-41DA-BC20-10432F3DFA36}.Release|Any CPU.ActiveCfg = Release|Any CPU
		{301D8E88-F426-41DA-BC20-10432F3DFA36}.Release|Any CPU.Build.0 = Release|Any CPU
		{BF1301D0-26E7-4777-846A-F0CC96056BDF}.Debug|Any CPU.ActiveCfg = Debug|Any CPU
		{BF1301D0-26E7-4777-846A-F0CC96056BDF}.Debug|Any CPU.Build.0 = Debug|Any CPU
		{BF1301D0-26E7-4777-846A-F0CC96056BDF}.Release|Any CPU.ActiveCfg = Release|Any CPU
		{BF1301D0-26E7-4777-846A-F0CC96056BDF}.Release|Any CPU.Build.0 = Release|Any CPU
		{8D84FECB-D619-429E-BE16-A25FAA064E56}.Debug|Any CPU.ActiveCfg = Debug|Any CPU
		{8D84FECB-D619-429E-BE16-A25FAA064E56}.Debug|Any CPU.Build.0 = Debug|Any CPU
		{8D84FECB-D619-429E-BE16-A25FAA064E56}.Release|Any CPU.ActiveCfg = Release|Any CPU
		{8D84FECB-D619-429E-BE16-A25FAA064E56}.Release|Any CPU.Build.0 = Release|Any CPU
	EndGlobalSection
	GlobalSection(SolutionProperties) = preSolution
		HideSolutionNode = FALSE
	EndGlobalSection
	GlobalSection(ExtensibilityGlobals) = postSolution
		SolutionGuid = {9A0117CB-9EAA-4542-8597-01DF2AA354EA}
	EndGlobalSection
EndGlobal
